{
  "lockfileVersion": 1,
  "configVersion": 0,
  "workspaces": {
    "": {
      "name": "zk-qualified-signature",
      "dependencies": {
        "@aztec/bb.js": "3.0.0-nightly.20251114",
        "@noir-lang/noir_js": "1.0.0-beta.15",
        "@peculiar/asn1-cms": "^2.3.8",
        "@peculiar/asn1-schema": "^2.3.8",
        "@peculiar/asn1-x509": "^2.3.8",
        "asn1js": "^3.0.6",
        "dotenv": "^17.2.2",
        "node-forge": "^1.3.1",
        "pedersen-fast": "^0.4.0",
        "pkijs": "^3.3.1",
        "poseidon-lite": "^0.3.0",
      },
      "devDependencies": {
        "@types/node": "^22.15.1",
        "@types/node-forge": "^1.3.14",
        "ts-node": "^10.9.2",
        "typescript": "^5.4.4",
      },
    },
  },
  "packages": {
    "@aztec/bb.js": ["@aztec/bb.js@https://registry.npmjs.org/@aztec/bb.js/-/bb.js-3.0.0-nightly.20251114.tgz", { "dependencies": { "comlink": "^4.4.1", "commander": "^12.1.0", "idb-keyval": "^6.2.1", "msgpackr": "^1.11.2", "pako": "^2.1.0", "pino": "^9.5.0", "tslib": "^2.4.0" } }],

    "@cspotcode/source-map-support": ["@cspotcode/source-map-support@https://registry.npmjs.org/@cspotcode/source-map-support/-/source-map-support-0.8.1.tgz", { "dependencies": { "@jridgewell/trace-mapping": "0.3.9" } }],

    "@jridgewell/resolve-uri": ["@jridgewell/resolve-uri@https://registry.npmjs.org/@jridgewell/resolve-uri/-/resolve-uri-3.1.2.tgz", {}],

    "@jridgewell/sourcemap-codec": ["@jridgewell/sourcemap-codec@https://registry.npmjs.org/@jridgewell/sourcemap-codec/-/sourcemap-codec-1.5.0.tgz", {}],

    "@jridgewell/trace-mapping": ["@jridgewell/trace-mapping@https://registry.npmjs.org/@jridgewell/trace-mapping/-/trace-mapping-0.3.9.tgz", { "dependencies": { "@jridgewell/resolve-uri": "^3.0.3", "@jridgewell/sourcemap-codec": "^1.4.10" } }],

    "@msgpackr-extract/msgpackr-extract-darwin-arm64": ["@msgpackr-extract/msgpackr-extract-darwin-arm64@3.0.3", "", { "os": "darwin", "cpu": "arm64" }, "sha512-QZHtlVgbAdy2zAqNA9Gu1UpIuI8Xvsd1v8ic6B2pZmeFnFcMWiPLfWXh7TVw4eGEZ/C9TH281KwhVoeQUKbyjw=="],

    "@msgpackr-extract/msgpackr-extract-darwin-x64": ["@msgpackr-extract/msgpackr-extract-darwin-x64@3.0.3", "", { "os": "darwin", "cpu": "x64" }, "sha512-mdzd3AVzYKuUmiWOQ8GNhl64/IoFGol569zNRdkLReh6LRLHOXxU4U8eq0JwaD8iFHdVGqSy4IjFL4reoWCDFw=="],

    "@msgpackr-extract/msgpackr-extract-linux-arm": ["@msgpackr-extract/msgpackr-extract-linux-arm@3.0.3", "", { "os": "linux", "cpu": "arm" }, "sha512-fg0uy/dG/nZEXfYilKoRe7yALaNmHoYeIoJuJ7KJ+YyU2bvY8vPv27f7UKhGRpY6euFYqEVhxCFZgAUNQBM3nw=="],

    "@msgpackr-extract/msgpackr-extract-linux-arm64": ["@msgpackr-extract/msgpackr-extract-linux-arm64@3.0.3", "", { "os": "linux", "cpu": "arm64" }, "sha512-YxQL+ax0XqBJDZiKimS2XQaf+2wDGVa1enVRGzEvLLVFeqa5kx2bWbtcSXgsxjQB7nRqqIGFIcLteF/sHeVtQg=="],

    "@msgpackr-extract/msgpackr-extract-linux-x64": ["@msgpackr-extract/msgpackr-extract-linux-x64@https://registry.npmjs.org/@msgpackr-extract/msgpackr-extract-linux-x64/-/msgpackr-extract-linux-x64-3.0.3.tgz", {}],

    "@msgpackr-extract/msgpackr-extract-win32-x64": ["@msgpackr-extract/msgpackr-extract-win32-x64@3.0.3", "", { "os": "win32", "cpu": "x64" }, "sha512-x0fWaQtYp4E6sktbsdAqnehxDgEc/VwM7uLsRCYWaiGu0ykYdZPiS8zCWdnjHwyiumousxfBm4SO31eXqwEZhQ=="],

    "@noble/hashes": ["@noble/hashes@https://registry.npmjs.org/@noble/hashes/-/hashes-1.4.0.tgz", {}],

    "@noir-lang/acvm_js": ["@noir-lang/acvm_js@https://registry.npmjs.org/@noir-lang/acvm_js/-/acvm_js-1.0.0-beta.15.tgz", {}],

    "@noir-lang/noir_js": ["@noir-lang/noir_js@https://registry.npmjs.org/@noir-lang/noir_js/-/noir_js-1.0.0-beta.15.tgz", { "dependencies": { "@noir-lang/acvm_js": "1.0.0-beta.15", "@noir-lang/noirc_abi": "1.0.0-beta.15", "@noir-lang/types": "1.0.0-beta.15", "pako": "^2.1.0" } }],

    "@noir-lang/noirc_abi": ["@noir-lang/noirc_abi@https://registry.npmjs.org/@noir-lang/noirc_abi/-/noirc_abi-1.0.0-beta.15.tgz", { "dependencies": { "@noir-lang/types": "1.0.0-beta.15" } }],

    "@noir-lang/types": ["@noir-lang/types@https://registry.npmjs.org/@noir-lang/types/-/types-1.0.0-beta.15.tgz", {}],

    "@peculiar/asn1-cms": ["@peculiar/asn1-cms@https://registry.npmjs.org/@peculiar/asn1-cms/-/asn1-cms-2.5.0.tgz", { "dependencies": { "@peculiar/asn1-schema": "^2.5.0", "@peculiar/asn1-x509": "^2.5.0", "@peculiar/asn1-x509-attr": "^2.5.0", "asn1js": "^3.0.6", "tslib": "^2.8.1" } }],

    "@peculiar/asn1-schema": ["@peculiar/asn1-schema@https://registry.npmjs.org/@peculiar/asn1-schema/-/asn1-schema-2.5.0.tgz", { "dependencies": { "asn1js": "^3.0.6", "pvtsutils": "^1.3.6", "tslib": "^2.8.1" } }],

    "@peculiar/asn1-x509": ["@peculiar/asn1-x509@https://registry.npmjs.org/@peculiar/asn1-x509/-/asn1-x509-2.5.0.tgz", { "dependencies": { "@peculiar/asn1-schema": "^2.5.0", "asn1js": "^3.0.6", "pvtsutils": "^1.3.6", "tslib": "^2.8.1" } }],

    "@peculiar/asn1-x509-attr": ["@peculiar/asn1-x509-attr@https://registry.npmjs.org/@peculiar/asn1-x509-attr/-/asn1-x509-attr-2.5.0.tgz", { "dependencies": { "@peculiar/asn1-schema": "^2.5.0", "@peculiar/asn1-x509": "^2.5.0", "asn1js": "^3.0.6", "tslib": "^2.8.1" } }],

    "@tsconfig/node10": ["@tsconfig/node10@https://registry.npmjs.org/@tsconfig/node10/-/node10-1.0.11.tgz", {}],

    "@tsconfig/node12": ["@tsconfig/node12@https://registry.npmjs.org/@tsconfig/node12/-/node12-1.0.11.tgz", {}],

    "@tsconfig/node14": ["@tsconfig/node14@https://registry.npmjs.org/@tsconfig/node14/-/node14-1.0.3.tgz", {}],

    "@tsconfig/node16": ["@tsconfig/node16@https://registry.npmjs.org/@tsconfig/node16/-/node16-1.0.4.tgz", {}],

    "@types/node": ["@types/node@https://registry.npmjs.org/@types/node/-/node-22.15.21.tgz", { "dependencies": { "undici-types": "~6.21.0" } }],

    "@types/node-forge": ["@types/node-forge@https://registry.npmjs.org/@types/node-forge/-/node-forge-1.3.14.tgz", { "dependencies": { "@types/node": "*" } }],

    "acorn": ["acorn@https://registry.npmjs.org/acorn/-/acorn-8.12.1.tgz", {}],

    "acorn-walk": ["acorn-walk@https://registry.npmjs.org/acorn-walk/-/acorn-walk-8.3.3.tgz", { "dependencies": { "acorn": "^8.11.0" } }],

    "arg": ["arg@https://registry.npmjs.org/arg/-/arg-4.1.3.tgz", {}],

    "asn1js": ["asn1js@https://registry.npmjs.org/asn1js/-/asn1js-3.0.6.tgz", { "dependencies": { "pvtsutils": "^1.3.6", "pvutils": "^1.1.3", "tslib": "^2.8.1" } }],

    "atomic-sleep": ["atomic-sleep@https://registry.npmjs.org/atomic-sleep/-/atomic-sleep-1.0.0.tgz", {}],

    "bytestreamjs": ["bytestreamjs@https://registry.npmjs.org/bytestreamjs/-/bytestreamjs-2.0.1.tgz", {}],

    "comlink": ["comlink@https://registry.npmjs.org/comlink/-/comlink-4.4.1.tgz", {}],

    "commander": ["commander@https://registry.npmjs.org/commander/-/commander-12.1.0.tgz", {}],

    "create-require": ["create-require@https://registry.npmjs.org/create-require/-/create-require-1.1.1.tgz", {}],

    "detect-libc": ["detect-libc@https://registry.npmjs.org/detect-libc/-/detect-libc-2.0.3.tgz", {}],

    "diff": ["diff@https://registry.npmjs.org/diff/-/diff-4.0.2.tgz", {}],

    "dotenv": ["dotenv@https://registry.npmjs.org/dotenv/-/dotenv-17.2.2.tgz", {}],

    "fast-redact": ["fast-redact@https://registry.npmjs.org/fast-redact/-/fast-redact-3.5.0.tgz", {}],

    "idb-keyval": ["idb-keyval@https://registry.npmjs.org/idb-keyval/-/idb-keyval-6.2.2.tgz", {}],

    "make-error": ["make-error@https://registry.npmjs.org/make-error/-/make-error-1.3.6.tgz", {}],

    "msgpackr": ["msgpackr@https://registry.npmjs.org/msgpackr/-/msgpackr-1.11.2.tgz", { "optionalDependencies": { "msgpackr-extract": "^3.0.2" } }],

    "msgpackr-extract": ["msgpackr-extract@https://registry.npmjs.org/msgpackr-extract/-/msgpackr-extract-3.0.3.tgz", { "dependencies": { "node-gyp-build-optional-packages": "5.2.2" }, "optionalDependencies": { "@msgpackr-extract/msgpackr-extract-darwin-arm64": "3.0.3", "@msgpackr-extract/msgpackr-extract-darwin-x64": "3.0.3", "@msgpackr-extract/msgpackr-extract-linux-arm": "3.0.3", "@msgpackr-extract/msgpackr-extract-linux-arm64": "3.0.3", "@msgpackr-extract/msgpackr-extract-linux-x64": "3.0.3", "@msgpackr-extract/msgpackr-extract-win32-x64": "3.0.3" } }],

    "node-forge": ["node-forge@https://registry.npmjs.org/node-forge/-/node-forge-1.3.1.tgz", {}],

    "node-gyp-build-optional-packages": ["node-gyp-build-optional-packages@https://registry.npmjs.org/node-gyp-build-optional-packages/-/node-gyp-build-optional-packages-5.2.2.tgz", { "dependencies": { "detect-libc": "^2.0.1" } }],

    "on-exit-leak-free": ["on-exit-leak-free@https://registry.npmjs.org/on-exit-leak-free/-/on-exit-leak-free-2.1.2.tgz", {}],

    "pako": ["pako@https://registry.npmjs.org/pako/-/pako-2.1.0.tgz", {}],

    "pedersen-fast": ["pedersen-fast@https://registry.npmjs.org/pedersen-fast/-/pedersen-fast-0.4.0.tgz", {}],

    "pino": ["pino@https://registry.npmjs.org/pino/-/pino-9.5.0.tgz", { "dependencies": { "atomic-sleep": "^1.0.0", "fast-redact": "^3.1.1", "on-exit-leak-free": "^2.1.0", "pino-abstract-transport": "^2.0.0", "pino-std-serializers": "^7.0.0", "process-warning": "^4.0.0", "quick-format-unescaped": "^4.0.3", "real-require": "^0.2.0", "safe-stable-stringify": "^2.3.1", "sonic-boom": "^4.0.1", "thread-stream": "^3.0.0" } }],

    "pino-abstract-transport": ["pino-abstract-transport@https://registry.npmjs.org/pino-abstract-transport/-/pino-abstract-transport-2.0.0.tgz", { "dependencies": { "split2": "^4.0.0" } }],

    "pino-std-serializers": ["pino-std-serializers@https://registry.npmjs.org/pino-std-serializers/-/pino-std-serializers-7.0.0.tgz", {}],

    "pkijs": ["pkijs@https://registry.npmjs.org/pkijs/-/pkijs-3.3.1.tgz", { "dependencies": { "@noble/hashes": "1.4.0", "asn1js": "^3.0.6", "bytestreamjs": "^2.0.1", "pvtsutils": "^1.3.6", "pvutils": "^1.1.3", "tslib": "^2.8.1" } }],

    "poseidon-lite": ["poseidon-lite@https://registry.npmjs.org/poseidon-lite/-/poseidon-lite-0.3.0.tgz", {}],

    "process-warning": ["process-warning@https://registry.npmjs.org/process-warning/-/process-warning-4.0.0.tgz", {}],

    "pvtsutils": ["pvtsutils@https://registry.npmjs.org/pvtsutils/-/pvtsutils-1.3.6.tgz", { "dependencies": { "tslib": "^2.8.1" } }],

    "pvutils": ["pvutils@https://registry.npmjs.org/pvutils/-/pvutils-1.1.3.tgz", {}],

    "quick-format-unescaped": ["quick-format-unescaped@https://registry.npmjs.org/quick-format-unescaped/-/quick-format-unescaped-4.0.4.tgz", {}],

    "real-require": ["real-require@https://registry.npmjs.org/real-require/-/real-require-0.2.0.tgz", {}],

    "safe-stable-stringify": ["safe-stable-stringify@https://registry.npmjs.org/safe-stable-stringify/-/safe-stable-stringify-2.5.0.tgz", {}],

    "sonic-boom": ["sonic-boom@https://registry.npmjs.org/sonic-boom/-/sonic-boom-4.2.0.tgz", { "dependencies": { "atomic-sleep": "^1.0.0" } }],

    "split2": ["split2@https://registry.npmjs.org/split2/-/split2-4.2.0.tgz", {}],

    "thread-stream": ["thread-stream@https://registry.npmjs.org/thread-stream/-/thread-stream-3.1.0.tgz", { "dependencies": { "real-require": "^0.2.0" } }],

    "ts-node": ["ts-node@https://registry.npmjs.org/ts-node/-/ts-node-10.9.2.tgz", { "dependencies": { "@cspotcode/source-map-support": "^0.8.0", "@tsconfig/node10": "^1.0.7", "@tsconfig/node12": "^1.0.7", "@tsconfig/node14": "^1.0.0", "@tsconfig/node16": "^1.0.2", "acorn": "^8.4.1", "acorn-walk": "^8.1.1", "arg": "^4.1.0", "create-require": "^1.1.0", "diff": "^4.0.1", "make-error": "^1.1.1", "v8-compile-cache-lib": "^3.0.1", "yn": "3.1.1" } }],

    "tslib": ["tslib@https://registry.npmjs.org/tslib/-/tslib-2.8.1.tgz", {}],

    "typescript": ["typescript@https://registry.npmjs.org/typescript/-/typescript-5.5.4.tgz", {}],

    "undici-types": ["undici-types@https://registry.npmjs.org/undici-types/-/undici-types-6.21.0.tgz", {}],

    "v8-compile-cache-lib": ["v8-compile-cache-lib@https://registry.npmjs.org/v8-compile-cache-lib/-/v8-compile-cache-lib-3.0.1.tgz", {}],

    "yn": ["yn@https://registry.npmjs.org/yn/-/yn-3.1.1.tgz", {}],
  }
}
